// !$*UTF8*$!
{
	archiveVersion = 1;
	classes = {
	};
	objectVersion = 50;
	objects = {

/* Begin PBXBuildFile section */
		BD2452A026F9743D00BD7071 /* AppDelegate.swift in Sources */ = {isa = PBXBuildFile; fileRef = BD24529F26F9743D00BD7071 /* AppDelegate.swift */; };
		BD2452A226F9743D00BD7071 /* SceneDelegate.swift in Sources */ = {isa = PBXBuildFile; fileRef = BD2452A126F9743D00BD7071 /* SceneDelegate.swift */; };
		BD2452A426F9743D00BD7071 /* ViewController.swift in Sources */ = {isa = PBXBuildFile; fileRef = BD2452A326F9743D00BD7071 /* ViewController.swift */; };
		BD2452A726F9743D00BD7071 /* Main.storyboard in Resources */ = {isa = PBXBuildFile; fileRef = BD2452A526F9743D00BD7071 /* Main.storyboard */; };
		BD2452A926F9743D00BD7071 /* Assets.xcassets in Resources */ = {isa = PBXBuildFile; fileRef = BD2452A826F9743D00BD7071 /* Assets.xcassets */; };
		BD2452AC26F9743D00BD7071 /* LaunchScreen.storyboard in Resources */ = {isa = PBXBuildFile; fileRef = BD2452AA26F9743D00BD7071 /* LaunchScreen.storyboard */; };
		BD2452B726F9743E00BD7071 /* FlixTests.swift in Sources */ = {isa = PBXBuildFile; fileRef = BD2452B626F9743E00BD7071 /* FlixTests.swift */; };
		BD2452C226F9743E00BD7071 /* FlixUITests.swift in Sources */ = {isa = PBXBuildFile; fileRef = BD2452C126F9743E00BD7071 /* FlixUITests.swift */; };
/* End PBXBuildFile section */

/* Begin PBXContainerItemProxy section */
		BD2452B326F9743E00BD7071 /* PBXContainerItemProxy */ = {
			isa = PBXContainerItemProxy;
			containerPortal = BD24529426F9743D00BD7071 /* Project object */;
			proxyType = 1;
			remoteGlobalIDString = BD24529B26F9743D00BD7071;
			remoteInfo = Flix;
		};
		BD2452BE26F9743E00BD7071 /* PBXContainerItemProxy */ = {
			isa = PBXContainerItemProxy;
			containerPortal = BD24529426F9743D00BD7071 /* Project object */;
			proxyType = 1;
			remoteGlobalIDString = BD24529B26F9743D00BD7071;
			remoteInfo = Flix;
		};
/* End PBXContainerItemProxy section */

/* Begin PBXFileReference section */
		BD24529C26F9743D00BD7071 /* Flix.app */ = {isa = PBXFileReference; explicitFileType = wrapper.application; includeInIndex = 0; path = Flix.app; sourceTree = BUILT_PRODUCTS_DIR; };
		BD24529F26F9743D00BD7071 /* AppDelegate.swift */ = {isa = PBXFileReference; lastKnownFileType = sourcecode.swift; path = AppDelegate.swift; sourceTree = "<group>"; };
		BD2452A126F9743D00BD7071 /* SceneDelegate.swift */ = {isa = PBXFileReference; lastKnownFileType = sourcecode.swift; path = SceneDelegate.swift; sourceTree = "<group>"; };
		BD2452A326F9743D00BD7071 /* ViewController.swift */ = {isa = PBXFileReference; lastKnownFileType = sourcecode.swift; path = ViewController.swift; sourceTree = "<group>"; };
		BD2452A626F9743D00BD7071 /* Base */ = {isa = PBXFileReference; lastKnownFileType = file.storyboard; name = Base; path = Base.lproj/Main.storyboard; sourceTree = "<group>"; };
		BD2452A826F9743D00BD7071 /* Assets.xcassets */ = {isa = PBXFileReference; lastKnownFileType = folder.assetcatalog; path = Assets.xcassets; sourceTree = "<group>"; };
		BD2452AB26F9743D00BD7071 /* Base */ = {isa = PBXFileReference; lastKnownFileType = file.storyboard; name = Base; path = Base.lproj/LaunchScreen.storyboard; sourceTree = "<group>"; };
		BD2452AD26F9743D00BD7071 /* Info.plist */ = {isa = PBXFileReference; lastKnownFileType = text.plist.xml; path = Info.plist; sourceTree = "<group>"; };
		BD2452B226F9743E00BD7071 /* FlixTests.xctest */ = {isa = PBXFileReference; explicitFileType = wrapper.cfbundle; includeInIndex = 0; path = FlixTests.xctest; sourceTree = BUILT_PRODUCTS_DIR; };
		BD2452B626F9743E00BD7071 /* FlixTests.swift */ = {isa = PBXFileReference; lastKnownFileType = sourcecode.swift; path = FlixTests.swift; sourceTree = "<group>"; };
		BD2452B826F9743E00BD7071 /* Info.plist */ = {isa = PBXFileReference; lastKnownFileType = text.plist.xml; path = Info.plist; sourceTree = "<group>"; };
		BD2452BD26F9743E00BD7071 /* FlixUITests.xctest */ = {isa = PBXFileReference; explicitFileType = wrapper.cfbundle; includeInIndex = 0; path = FlixUITests.xctest; sourceTree = BUILT_PRODUCTS_DIR; };
		BD2452C126F9743E00BD7071 /* FlixUITests.swift */ = {isa = PBXFileReference; lastKnownFileType = sourcecode.swift; path = FlixUITests.swift; sourceTree = "<group>"; };
		BD2452C326F9743E00BD7071 /* Info.plist */ = {isa = PBXFileReference; lastKnownFileType = text.plist.xml; path = Info.plist; sourceTree = "<group>"; };
/* End PBXFileReference section */

/* Begin PBXFrameworksBuildPhase section */
		BD24529926F9743D00BD7071 /* Frameworks */ = {
			isa = PBXFrameworksBuildPhase;
			buildActionMask = 2147483647;
			files = (
			);
			runOnlyForDeploymentPostprocessing = 0;
		};
		BD2452AF26F9743E00BD7071 /* Frameworks */ = {
			isa = PBXFrameworksBuildPhase;
			buildActionMask = 2147483647;
			files = (
			);
			runOnlyForDeploymentPostprocessing = 0;
		};
		BD2452BA26F9743E00BD7071 /* Frameworks */ = {
			isa = PBXFrameworksBuildPhase;
			buildActionMask = 2147483647;
			files = (
			);
			runOnlyForDeploymentPostprocessing = 0;
		};
/* End PBXFrameworksBuildPhase section */

/* Begin PBXGroup section */
		BD24529326F9743D00BD7071 = {
			isa = PBXGroup;
			children = (
				BD24529E26F9743D00BD7071 /* Flix */,
				BD2452B526F9743E00BD7071 /* FlixTests */,
				BD2452C026F9743E00BD7071 /* FlixUITests */,
				BD24529D26F9743D00BD7071 /* Products */,
			);
			sourceTree = "<group>";
		};
		BD24529D26F9743D00BD7071 /* Products */ = {
			isa = PBXGroup;
			children = (
				BD24529C26F9743D00BD7071 /* Flix.app */,
				BD2452B226F9743E00BD7071 /* FlixTests.xctest */,
				BD2452BD26F9743E00BD7071 /* FlixUITests.xctest */,
			);
			name = Products;
			sourceTree = "<group>";
		};
		BD24529E26F9743D00BD7071 /* Flix */ = {
			isa = PBXGroup;
			children = (
				BD24529F26F9743D00BD7071 /* AppDelegate.swift */,
				BD2452A126F9743D00BD7071 /* SceneDelegate.swift */,
				BD2452A326F9743D00BD7071 /* ViewController.swift */,
				BD2452A526F9743D00BD7071 /* Main.storyboard */,
				BD2452A826F9743D00BD7071 /* Assets.xcassets */,
				BD2452AA26F9743D00BD7071 /* LaunchScreen.storyboard */,
				BD2452AD26F9743D00BD7071 /* Info.plist */,
			);
			path = Flix;
			sourceTree = "<group>";
		};
		BD2452B526F9743E00BD7071 /* FlixTests */ = {
			isa = PBXGroup;
			children = (
				BD2452B626F9743E00BD7071 /* FlixTests.swift */,
				BD2452B826F9743E00BD7071 /* Info.plist */,
			);
			path = FlixTests;
			sourceTree = "<group>";
		};
		BD2452C026F9743E00BD7071 /* FlixUITests */ = {
			isa = PBXGroup;
			children = (
				BD2452C126F9743E00BD7071 /* FlixUITests.swift */,
				BD2452C326F9743E00BD7071 /* Info.plist */,
			);
			path = FlixUITests;
			sourceTree = "<group>";
		};
/* End PBXGroup section */

/* Begin PBXNativeTarget section */
		BD24529B26F9743D00BD7071 /* Flix */ = {
			isa = PBXNativeTarget;
			buildConfigurationList = BD2452C626F9743E00BD7071 /* Build configuration list for PBXNativeTarget "Flix" */;
			buildPhases = (
				BD24529826F9743D00BD7071 /* Sources */,
				BD24529926F9743D00BD7071 /* Frameworks */,
				BD24529A26F9743D00BD7071 /* Resources */,
			);
			buildRules = (
			);
			dependencies = (
			);
			name = Flix;
			productName = Flix;
			productReference = BD24529C26F9743D00BD7071 /* Flix.app */;
			productType = "com.apple.product-type.application";
		};
		BD2452B126F9743E00BD7071 /* FlixTests */ = {
			isa = PBXNativeTarget;
			buildConfigurationList = BD2452C926F9743E00BD7071 /* Build configuration list for PBXNativeTarget "FlixTests" */;
			buildPhases = (
				BD2452AE26F9743E00BD7071 /* Sources */,
				BD2452AF26F9743E00BD7071 /* Frameworks */,
				BD2452B026F9743E00BD7071 /* Resources */,
			);
			buildRules = (
			);
			dependencies = (
				BD2452B426F9743E00BD7071 /* PBXTargetDependency */,
			);
			name = FlixTests;
			productName = FlixTests;
			productReference = BD2452B226F9743E00BD7071 /* FlixTests.xctest */;
			productType = "com.apple.product-type.bundle.unit-test";
		};
		BD2452BC26F9743E00BD7071 /* FlixUITests */ = {
			isa = PBXNativeTarget;
			buildConfigurationList = BD2452CC26F9743E00BD7071 /* Build configuration list for PBXNativeTarget "FlixUITests" */;
			buildPhases = (
				BD2452B926F9743E00BD7071 /* Sources */,
				BD2452BA26F9743E00BD7071 /* Frameworks */,
				BD2452BB26F9743E00BD7071 /* Resources */,
			);
			buildRules = (
			);
			dependencies = (
				BD2452BF26F9743E00BD7071 /* PBXTargetDependency */,
			);
			name = FlixUITests;
			productName = FlixUITests;
			productReference = BD2452BD26F9743E00BD7071 /* FlixUITests.xctest */;
			productType = "com.apple.product-type.bundle.ui-testing";
		};
/* End PBXNativeTarget section */

/* Begin PBXProject section */
		BD24529426F9743D00BD7071 /* Project object */ = {
			isa = PBXProject;
			attributes = {
				LastSwiftUpdateCheck = 1250;
				LastUpgradeCheck = 1250;
				TargetAttributes = {
					BD24529B26F9743D00BD7071 = {
						CreatedOnToolsVersion = 12.5.1;
					};
					BD2452B126F9743E00BD7071 = {
						CreatedOnToolsVersion = 12.5.1;
						TestTargetID = BD24529B26F9743D00BD7071;
					};
					BD2452BC26F9743E00BD7071 = {
						CreatedOnToolsVersion = 12.5.1;
						TestTargetID = BD24529B26F9743D00BD7071;
					};
				};
			};
			buildConfigurationList = BD24529726F9743D00BD7071 /* Build configuration list for PBXProject "Flix" */;
			compatibilityVersion = "Xcode 9.3";
			developmentRegion = en;
			hasScannedForEncodings = 0;
			knownRegions = (
				en,
				Base,
			);
			mainGroup = BD24529326F9743D00BD7071;
			productRefGroup = BD24529D26F9743D00BD7071 /* Products */;
			projectDirPath = "";
			projectRoot = "";
			targets = (
				BD24529B26F9743D00BD7071 /* Flix */,
				BD2452B126F9743E00BD7071 /* FlixTests */,
				BD2452BC26F9743E00BD7071 /* FlixUITests */,
			);
		};
/* End PBXProject section */

/* Begin PBXResourcesBuildPhase section */
		BD24529A26F9743D00BD7071 /* Resources */ = {
			isa = PBXResourcesBuildPhase;
			buildActionMask = 2147483647;
			files = (
				BD2452AC26F9743D00BD7071 /* LaunchScreen.storyboard in Resources */,
				BD2452A926F9743D00BD7071 /* Assets.xcassets in Resources */,
				BD2452A726F9743D00BD7071 /* Main.storyboard in Resources */,
			);
			runOnlyForDeploymentPostprocessing = 0;
		};
		BD2452B026F9743E00BD7071 /* Resources */ = {
			isa = PBXResourcesBuildPhase;
			buildActionMask = 2147483647;
			files = (
			);
			runOnlyForDeploymentPostprocessing = 0;
		};
		BD2452BB26F9743E00BD7071 /* Resources */ = {
			isa = PBXResourcesBuildPhase;
			buildActionMask = 2147483647;
			files = (
			);
			runOnlyForDeploymentPostprocessing = 0;
		};
/* End PBXResourcesBuildPhase section */

/* Begin PBXSourcesBuildPhase section */
		BD24529826F9743D00BD7071 /* Sources */ = {
			isa = PBXSourcesBuildPhase;
			buildActionMask = 2147483647;
			files = (
				BD2452A426F9743D00BD7071 /* ViewController.swift in Sources */,
				BD2452A026F9743D00BD7071 /* AppDelegate.swift in Sources */,
				BD2452A226F9743D00BD7071 /* SceneDelegate.swift in Sources */,
			);
			runOnlyForDeploymentPostprocessing = 0;
		};
		BD2452AE26F9743E00BD7071 /* Sources */ = {
			isa = PBXSourcesBuildPhase;
			buildActionMask = 2147483647;
			files = (
				BD2452B726F9743E00BD7071 /* FlixTests.swift in Sources */,
			);
			runOnlyForDeploymentPostprocessing = 0;
		};
		BD2452B926F9743E00BD7071 /* Sources */ = {
			isa = PBXSourcesBuildPhase;
			buildActionMask = 2147483647;
			files = (
				BD2452C226F9743E00BD7071 /* FlixUITests.swift in Sources */,
			);
			runOnlyForDeploymentPostprocessing = 0;
		};
/* End PBXSourcesBuildPhase section */

/* Begin PBXTargetDependency section */
		BD2452B426F9743E00BD7071 /* PBXTargetDependency */ = {
			isa = PBXTargetDependency;
			target = BD24529B26F9743D00BD7071 /* Flix */;
			targetProxy = BD2452B326F9743E00BD7071 /* PBXContainerItemProxy */;
		};
		BD2452BF26F9743E00BD7071 /* PBXTargetDependency */ = {
			isa = PBXTargetDependency;
			target = BD24529B26F9743D00BD7071 /* Flix */;
			targetProxy = BD2452BE26F9743E00BD7071 /* PBXContainerItemProxy */;
		};
/* End PBXTargetDependency section */

/* Begin PBXVariantGroup section */
		BD2452A526F9743D00BD7071 /* Main.storyboard */ = {
			isa = PBXVariantGroup;
			children = (
				BD2452A626F9743D00BD7071 /* Base */,
			);
			name = Main.storyboard;
			sourceTree = "<group>";
		};
		BD2452AA26F9743D00BD7071 /* LaunchScreen.storyboard */ = {
			isa = PBXVariantGroup;
			children = (
				BD2452AB26F9743D00BD7071 /* Base */,
			);
			name = LaunchScreen.storyboard;
			sourceTree = "<group>";
		};
/* End PBXVariantGroup section */

/* Begin XCBuildConfiguration section */
		BD2452C426F9743E00BD7071 /* Debug */ = {
			isa = XCBuildConfiguration;
			buildSettings = {
				ALWAYS_SEARCH_USER_PATHS = NO;
				CLANG_ANALYZER_NONNULL = YES;
				CLANG_ANALYZER_NUMBER_OBJECT_CONVERSION = YES_AGGRESSIVE;
				CLANG_CXX_LANGUAGE_STANDARD = "gnu++14";
				CLANG_CXX_LIBRARY = "libc++";
				CLANG_ENABLE_MODULES = YES;
				CLANG_ENABLE_OBJC_ARC = YES;
				CLANG_ENABLE_OBJC_WEAK = YES;
				CLANG_WARN_BLOCK_CAPTURE_AUTORELEASING = YES;
				CLANG_WARN_BOOL_CONVERSION = YES;
				CLANG_WARN_COMMA = YES;
				CLANG_WARN_CONSTANT_CONVERSION = YES;
				CLANG_WARN_DEPRECATED_OBJC_IMPLEMENTATIONS = YES;
				CLANG_WARN_DIRECT_OBJC_ISA_USAGE = YES_ERROR;
				CLANG_WARN_DOCUMENTATION_COMMENTS = YES;
				CLANG_WARN_EMPTY_BODY = YES;
				CLANG_WARN_ENUM_CONVERSION = YES;
				CLANG_WARN_INFINITE_RECURSION = YES;
				CLANG_WARN_INT_CONVERSION = YES;
				CLANG_WARN_NON_LITERAL_NULL_CONVERSION = YES;
				CLANG_WARN_OBJC_IMPLICIT_RETAIN_SELF = YES;
				CLANG_WARN_OBJC_LITERAL_CONVERSION = YES;
				CLANG_WARN_OBJC_ROOT_CLASS = YES_ERROR;
				CLANG_WARN_QUOTED_INCLUDE_IN_FRAMEWORK_HEADER = YES;
				CLANG_WARN_RANGE_LOOP_ANALYSIS = YES;
				CLANG_WARN_STRICT_PROTOTYPES = YES;
				CLANG_WARN_SUSPICIOUS_MOVE = YES;
				CLANG_WARN_UNGUARDED_AVAILABILITY = YES_AGGRESSIVE;
				CLANG_WARN_UNREACHABLE_CODE = YES;
				CLANG_WARN__DUPLICATE_METHOD_MATCH = YES;
				COPY_PHASE_STRIP = NO;
				DEBUG_INFORMATION_FORMAT = dwarf;
				ENABLE_STRICT_OBJC_MSGSEND = YES;
				ENABLE_TESTABILITY = YES;
				GCC_C_LANGUAGE_STANDARD = gnu11;
				GCC_DYNAMIC_NO_PIC = NO;
				GCC_NO_COMMON_BLOCKS = YES;
				GCC_OPTIMIZATION_LEVEL = 0;
				GCC_PREPROCESSOR_DEFINITIONS = (
					"DEBUG=1",
					"$(inherited)",
				);
				GCC_WARN_64_TO_32_BIT_CONVERSION = YES;
				GCC_WARN_ABOUT_RETURN_TYPE = YES_ERROR;
				GCC_WARN_UNDECLARED_SELECTOR = YES;
				GCC_WARN_UNINITIALIZED_AUTOS = YES_AGGRESSIVE;
				GCC_WARN_UNUSED_FUNCTION = YES;
				GCC_WARN_UNUSED_VARIABLE = YES;
				IPHONEOS_DEPLOYMENT_TARGET = 14.5;
				MTL_ENABLE_DEBUG_INFO = INCLUDE_SOURCE;
				MTL_FAST_MATH = YES;
				ONLY_ACTIVE_ARCH = YES;
				SDKROOT = iphoneos;
				SWIFT_ACTIVE_COMPILATION_CONDITIONS = DEBUG;
				SWIFT_OPTIMIZATION_LEVEL = "-Onone";
			};
			name = Debug;
		};
		BD2452C526F9743E00BD7071 /* Release */ = {
			isa = XCBuildConfiguration;
			buildSettings = {
				ALWAYS_SEARCH_USER_PATHS = NO;
				CLANG_ANALYZER_NONNULL = YES;
				CLANG_ANALYZER_NUMBER_OBJECT_CONVERSION = YES_AGGRESSIVE;
				CLANG_CXX_LANGUAGE_STANDARD = "gnu++14";
				CLANG_CXX_LIBRARY = "libc++";
				CLANG_ENABLE_MODULES = YES;
				CLANG_ENABLE_OBJC_ARC = YES;
				CLANG_ENABLE_OBJC_WEAK = YES;
				CLANG_WARN_BLOCK_CAPTURE_AUTORELEASING = YES;
				CLANG_WARN_BOOL_CONVERSION = YES;
				CLANG_WARN_COMMA = YES;
				CLANG_WARN_CONSTANT_CONVERSION = YES;
				CLANG_WARN_DEPRECATED_OBJC_IMPLEMENTATIONS = YES;
				CLANG_WARN_DIRECT_OBJC_ISA_USAGE = YES_ERROR;
				CLANG_WARN_DOCUMENTATION_COMMENTS = YES;
				CLANG_WARN_EMPTY_BODY = YES;
				CLANG_WARN_ENUM_CONVERSION = YES;
				CLANG_WARN_INFINITE_RECURSION = YES;
				CLANG_WARN_INT_CONVERSION = YES;
				CLANG_WARN_NON_LITERAL_NULL_CONVERSION = YES;
				CLANG_WARN_OBJC_IMPLICIT_RETAIN_SELF = YES;
				CLANG_WARN_OBJC_LITERAL_CONVERSION = YES;
				CLANG_WARN_OBJC_ROOT_CLASS = YES_ERROR;
				CLANG_WARN_QUOTED_INCLUDE_IN_FRAMEWORK_HEADER = YES;
				CLANG_WARN_RANGE_LOOP_ANALYSIS = YES;
				CLANG_WARN_STRICT_PROTOTYPES = YES;
				CLANG_WARN_SUSPICIOUS_MOVE = YES;
				CLANG_WARN_UNGUARDED_AVAILABILITY = YES_AGGRESSIVE;
				CLANG_WARN_UNREACHABLE_CODE = YES;
				CLANG_WARN__DUPLICATE_METHOD_MATCH = YES;
				COPY_PHASE_STRIP = NO;
				DEBUG_INFORMATION_FORMAT = "dwarf-with-dsym";
				ENABLE_NS_ASSERTIONS = NO;
				ENABLE_STRICT_OBJC_MSGSEND = YES;
				GCC_C_LANGUAGE_STANDARD = gnu11;
				GCC_NO_COMMON_BLOCKS = YES;
				GCC_WARN_64_TO_32_BIT_CONVERSION = YES;
				GCC_WARN_ABOUT_RETURN_TYPE = YES_ERROR;
				GCC_WARN_UNDECLARED_SELECTOR = YES;
				GCC_WARN_UNINITIALIZED_AUTOS = YES_AGGRESSIVE;
				GCC_WARN_UNUSED_FUNCTION = YES;
				GCC_WARN_UNUSED_VARIABLE = YES;
				IPHONEOS_DEPLOYMENT_TARGET = 14.5;
				MTL_ENABLE_DEBUG_INFO = NO;
				MTL_FAST_MATH = YES;
				SDKROOT = iphoneos;
				SWIFT_COMPILATION_MODE = wholemodule;
				SWIFT_OPTIMIZATION_LEVEL = "-O";
				VALIDATE_PRODUCT = YES;
			};
			name = Release;
		};
		BD2452C726F9743E00BD7071 /* Debug */ = {
			isa = XCBuildConfiguration;
			buildSettings = {
				ASSETCATALOG_COMPILER_APPICON_NAME = AppIcon;
				ASSETCATALOG_COMPILER_GLOBAL_ACCENT_COLOR_NAME = AccentColor;
				CODE_SIGN_STYLE = Automatic;
				INFOPLIST_FILE = Flix/Info.plist;
				LD_RUNPATH_SEARCH_PATHS = (
					"$(inherited)",
					"@executable_path/Frameworks",
				);
				PRODUCT_BUNDLE_IDENTIFIER = tsugita.Flix;
				PRODUCT_NAME = "$(TARGET_NAME)";
				SWIFT_VERSION = 5.0;
				TARGETED_DEVICE_FAMILY = "1,2";
			};
			name = Debug;
		};
		BD2452C826F9743E00BD7071 /* Release */ = {
			isa = XCBuildConfiguration;
			buildSettings = {
				ASSETCATALOG_COMPILER_APPICON_NAME = AppIcon;
				ASSETCATALOG_COMPILER_GLOBAL_ACCENT_COLOR_NAME = AccentColor;
				CODE_SIGN_STYLE = Automatic;
				INFOPLIST_FILE = Flix/Info.plist;
				LD_RUNPATH_SEARCH_PATHS = (
					"$(inherited)",
					"@executable_path/Frameworks",
				);
				PRODUCT_BUNDLE_IDENTIFIER = tsugita.Flix;
				PRODUCT_NAME = "$(TARGET_NAME)";
				SWIFT_VERSION = 5.0;
				TARGETED_DEVICE_FAMILY = "1,2";
			};
			name = Release;
		};
		BD2452CA26F9743E00BD7071 /* Debug */ = {
			isa = XCBuildConfiguration;
			buildSettings = {
				ALWAYS_EMBED_SWIFT_STANDARD_LIBRARIES = YES;
				BUNDLE_LOADER = "$(TEST_HOST)";
				CODE_SIGN_STYLE = Automatic;
				INFOPLIST_FILE = FlixTests/Info.plist;
				IPHONEOS_DEPLOYMENT_TARGET = 14.5;
				LD_RUNPATH_SEARCH_PATHS = (
					"$(inherited)",
					"@executable_path/Frameworks",
					"@loader_path/Frameworks",
				);
				PRODUCT_BUNDLE_IDENTIFIER = tsugita.FlixTests;
				PRODUCT_NAME = "$(TARGET_NAME)";
				SWIFT_VERSION = 5.0;
				TARGETED_DEVICE_FAMILY = "1,2";
				TEST_HOST = "$(BUILT_PRODUCTS_DIR)/Flix.app/Flix";
			};
			name = Debug;
		};
		BD2452CB26F9743E00BD7071 /* Release */ = {
			isa = XCBuildConfiguration;
			buildSettings = {
				ALWAYS_EMBED_SWIFT_STANDARD_LIBRARIES = YES;
				BUNDLE_LOADER = "$(TEST_HOST)";
				CODE_SIGN_STYLE = Automatic;
				INFOPLIST_FILE = FlixTests/Info.plist;
				IPHONEOS_DEPLOYMENT_TARGET = 14.5;
				LD_RUNPATH_SEARCH_PATHS = (
					"$(inherited)",
					"@executable_path/Frameworks",
					"@loader_path/Frameworks",
				);
				PRODUCT_BUNDLE_IDENTIFIER = tsugita.FlixTests;
				PRODUCT_NAME = "$(TARGET_NAME)";
				SWIFT_VERSION = 5.0;
				TARGETED_DEVICE_FAMILY = "1,2";
				TEST_HOST = "$(BUILT_PRODUCTS_DIR)/Flix.app/Flix";
			};
			name = Release;
		};
		BD2452CD26F9743E00BD7071 /* Debug */ = {
			isa = XCBuildConfiguration;
			buildSettings = {
				ALWAYS_EMBED_SWIFT_STANDARD_LIBRARIES = YES;
				CODE_SIGN_STYLE = Automatic;
				INFOPLIST_FILE = FlixUITests/Info.plist;
				LD_RUNPATH_SEARCH_PATHS = (
					"$(inherited)",
					"@executable_path/Frameworks",
					"@loader_path/Frameworks",
				);
				PRODUCT_BUNDLE_IDENTIFIER = tsugita.FlixUITests;
				PRODUCT_NAME = "$(TARGET_NAME)";
				SWIFT_VERSION = 5.0;
				TARGETED_DEVICE_FAMILY = "1,2";
				TEST_TARGET_NAME = Flix;
			};
			name = Debug;
		};
		BD2452CE26F9743E00BD7071 /* Release */ = {
			isa = XCBuildConfiguration;
			buildSettings = {
				ALWAYS_EMBED_SWIFT_STANDARD_LIBRARIES = YES;
				CODE_SIGN_STYLE = Automatic;
				INFOPLIST_FILE = FlixUITests/Info.plist;
				LD_RUNPATH_SEARCH_PATHS = (
					"$(inherited)",
					"@executable_path/Frameworks",
					"@loader_path/Frameworks",
				);
				PRODUCT_BUNDLE_IDENTIFIER = tsugita.FlixUITests;
				PRODUCT_NAME = "$(TARGET_NAME)";
				SWIFT_VERSION = 5.0;
				TARGETED_DEVICE_FAMILY = "1,2";
				TEST_TARGET_NAME = Flix;
			};
			name = Release;
		};
/* End XCBuildConfiguration section */

/* Begin XCConfigurationList section */
		BD24529726F9743D00BD7071 /* Build configuration list for PBXProject "Flix" */ = {
			isa = XCConfigurationList;
			buildConfigurations = (
				BD2452C426F9743E00BD7071 /* Debug */,
				BD2452C526F9743E00BD7071 /* Release */,
			);
			defaultConfigurationIsVisible = 0;
			defaultConfigurationName = Release;
		};
		BD2452C626F9743E00BD7071 /* Build configuration list for PBXNativeTarget "Flix" */ = {
			isa = XCConfigurationList;
			buildConfigurations = (
				BD2452C726F9743E00BD7071 /* Debug */,
				BD2452C826F9743E00BD7071 /* Release */,
			);
			defaultConfigurationIsVisible = 0;
			defaultConfigurationName = Release;
		};
		BD2452C926F9743E00BD7071 /* Build configuration list for PBXNativeTarget "FlixTests" */ = {
			isa = XCConfigurationList;
			buildConfigurations = (
				BD2452CA26F9743E00BD7071 /* Debug */,
				BD2452CB26F9743E00BD7071 /* Release */,
			);
			defaultConfigurationIsVisible = 0;
			defaultConfigurationName = Release;
		};
		BD2452CC26F9743E00BD7071 /* Build configuration list for PBXNativeTarget "FlixUITests" */ = {
			isa = XCConfigurationList;
			buildConfigurations = (
				BD2452CD26F9743E00BD7071 /* Debug */,
				BD2452CE26F9743E00BD7071 /* Release */,
			);
			defaultConfigurationIsVisible = 0;
			defaultConfigurationName = Release;
		};
/* End XCConfigurationList section */
	};
	rootObject = BD24529426F9743D00BD7071 /* Project object */;
}
